{
  "name": "ajs2",
  "version": "1.0.0",
  "lockfileVersion": 3,
  "requires": true,
  "packages": {
    "": {
      "name": "ajs2",
      "version": "1.0.0",
      "license": "ISC",
      "dependencies": {
        "@jobgoog/ajs": "^1.0.0"
      }
    },
    "node_modules/@jobgoog/ajs": {
      "version": "1.0.0",
      "resolved": "https://npm.pkg.github.com/download/@jobgoog/ajs/1.0.0/06d3c278f9138fbf66546fde1c576cbd499c41aa",
      "integrity": "sha512-xcXjxaCRgQKXQ+t+AwILMcjFifIJBLnHD9aCdIRnj9BlBRT35vSFDVLM7ImB2Q61ZSjTAi1fNBfir2Mnn+v46g==",
      "license": "ISC"
    }
  }
}
